// !$*UTF8*$!
{
	archiveVersion = 1;
	classes = {
	};
	objectVersion = 46;
	objects = {

/* Begin PBXBuildFile section */
		456D8D8D182DC81C00DD5479 /* CheckInImage.png in Resources */ = {isa = PBXBuildFile; fileRef = 456D8D8C182DC81C00DD5479 /* CheckInImage.png */; };
		456D8D8F182DC84D00DD5479 /* CheckInImage@2x.png in Resources */ = {isa = PBXBuildFile; fileRef = 456D8D8E182DC84D00DD5479 /* CheckInImage@2x.png */; };
		456D8DC7182DD28A00DD5479 /* FourSquareOauth.m in Sources */ = {isa = PBXBuildFile; fileRef = 456D8DC2182DD28A00DD5479 /* FourSquareOauth.m */; };
		456D8DC8182DD28A00DD5479 /* FourSquareClient.m in Sources */ = {isa = PBXBuildFile; fileRef = 456D8DC5182DD28A00DD5479 /* FourSquareClient.m */; };
		456D8DCB182DD2CB00DD5479 /* CoreLocationController.m in Sources */ = {isa = PBXBuildFile; fileRef = 456D8DCA182DD2CB00DD5479 /* CoreLocationController.m */; };
		456D8DCE182DD2E400DD5479 /* NSDictionary+CPAdditions.m in Sources */ = {isa = PBXBuildFile; fileRef = 456D8DCD182DD2E400DD5479 /* NSDictionary+CPAdditions.m */; };
		456D8DD1182DD2F700DD5479 /* UIImage+Resize.m in Sources */ = {isa = PBXBuildFile; fileRef = 456D8DD0182DD2F700DD5479 /* UIImage+Resize.m */; };
		456D8DD4182DD3A200DD5479 /* RestObject.m in Sources */ = {isa = PBXBuildFile; fileRef = 456D8DD3182DD3A200DD5479 /* RestObject.m */; };
		456D8DD9182DD3D900DD5479 /* User.m in Sources */ = {isa = PBXBuildFile; fileRef = 456D8DD6182DD3D900DD5479 /* User.m */; };
		456D8DDA182DD3D900DD5479 /* Venue.m in Sources */ = {isa = PBXBuildFile; fileRef = 456D8DD8182DD3D900DD5479 /* Venue.m */; };
		456D8DDD182DD3F600DD5479 /* Travelog.m in Sources */ = {isa = PBXBuildFile; fileRef = 456D8DDC182DD3F600DD5479 /* Travelog.m */; };
		456D8DE4182DD43500DD5479 /* VenueCell.m in Sources */ = {isa = PBXBuildFile; fileRef = 456D8DE1182DD43500DD5479 /* VenueCell.m */; };
		456D8DE5182DD43500DD5479 /* VenueCell.xib in Resources */ = {isa = PBXBuildFile; fileRef = 456D8DE2182DD43500DD5479 /* VenueCell.xib */; };
		456D8DE8182DD44E00DD5479 /* TravelLogCell.m in Sources */ = {isa = PBXBuildFile; fileRef = 456D8DE7182DD44E00DD5479 /* TravelLogCell.m */; };
		456D8DEB182DD4D800DD5479 /* MapViewController.m in Sources */ = {isa = PBXBuildFile; fileRef = 456D8DEA182DD4D800DD5479 /* MapViewController.m */; };
		456D8DFA182DDBF400DD5479 /* events.png in Resources */ = {isa = PBXBuildFile; fileRef = 456D8DEC182DDBF400DD5479 /* events.png */; };
		456D8DFB182DDBF400DD5479 /* food.png in Resources */ = {isa = PBXBuildFile; fileRef = 456D8DED182DDBF400DD5479 /* food.png */; };
		456D8DFC182DDBF400DD5479 /* fun.png in Resources */ = {isa = PBXBuildFile; fileRef = 456D8DEE182DDBF400DD5479 /* fun.png */; };
		456D8DFD182DDBF400DD5479 /* house.png in Resources */ = {isa = PBXBuildFile; fileRef = 456D8DEF182DDBF400DD5479 /* house.png */; };
		456D8DFE182DDBF400DD5479 /* map-pin.png in Resources */ = {isa = PBXBuildFile; fileRef = 456D8DF0182DDBF400DD5479 /* map-pin.png */; };
		456D8DFF182DDBF400DD5479 /* message.png in Resources */ = {isa = PBXBuildFile; fileRef = 456D8DF1182DDBF400DD5479 /* message.png */; };
		456D8E00182DDBF400DD5479 /* nature.png in Resources */ = {isa = PBXBuildFile; fileRef = 456D8DF2182DDBF400DD5479 /* nature.png */; };
		456D8E01182DDBF400DD5479 /* office.png in Resources */ = {isa = PBXBuildFile; fileRef = 456D8DF3182DDBF400DD5479 /* office.png */; };
		456D8E02182DDBF400DD5479 /* other.png in Resources */ = {isa = PBXBuildFile; fileRef = 456D8DF4182DDBF400DD5479 /* other.png */; };
		456D8E03182DDBF400DD5479 /* people.png in Resources */ = {isa = PBXBuildFile; fileRef = 456D8DF5182DDBF400DD5479 /* people.png */; };
		456D8E04182DDBF400DD5479 /* peopleOther.png in Resources */ = {isa = PBXBuildFile; fileRef = 456D8DF6182DDBF400DD5479 /* peopleOther.png */; };
		456D8E05182DDBF400DD5479 /* places.png in Resources */ = {isa = PBXBuildFile; fileRef = 456D8DF7182DDBF400DD5479 /* places.png */; };
		456D8E06182DDBF400DD5479 /* restaurant.png in Resources */ = {isa = PBXBuildFile; fileRef = 456D8DF8182DDBF400DD5479 /* restaurant.png */; };
		456D8E07182DDBF400DD5479 /* shopping.png in Resources */ = {isa = PBXBuildFile; fileRef = 456D8DF9182DDBF400DD5479 /* shopping.png */; };
		456D8E0A182DDC2200DD5479 /* transportation.png in Resources */ = {isa = PBXBuildFile; fileRef = 456D8E08182DDC2200DD5479 /* transportation.png */; };
		456D8E0B182DDC2200DD5479 /* travel.png in Resources */ = {isa = PBXBuildFile; fileRef = 456D8E09182DDC2200DD5479 /* travel.png */; };
		456D8E11182DDCA700DD5479 /* email.png in Resources */ = {isa = PBXBuildFile; fileRef = 456D8E10182DDCA700DD5479 /* email.png */; };
		456D8E13182DDCC600DD5479 /* tag.png in Resources */ = {isa = PBXBuildFile; fileRef = 456D8E12182DDCC600DD5479 /* tag.png */; };
		456D8E15182DDCD600DD5479 /* camera-select.png in Resources */ = {isa = PBXBuildFile; fileRef = 456D8E14182DDCD600DD5479 /* camera-select.png */; };
		45713ADA1831BC4B00A8A885 /* SystemConfiguration.framework in Frameworks */ = {isa = PBXBuildFile; fileRef = 45713AD91831BC4B00A8A885 /* SystemConfiguration.framework */; };
		45713ADC1831BC5800A8A885 /* MobileCoreServices.framework in Frameworks */ = {isa = PBXBuildFile; fileRef = 45713ADB1831BC5800A8A885 /* MobileCoreServices.framework */; };
		45ACC091184AB3F2001D9D2E /* CLPlacemark+AddressDisplay.m in Sources */ = {isa = PBXBuildFile; fileRef = 45ACC090184AB3F2001D9D2E /* CLPlacemark+AddressDisplay.m */; };
		45ACC094184AB433001D9D2E /* facebook.png in Resources */ = {isa = PBXBuildFile; fileRef = 45ACC092184AB433001D9D2E /* facebook.png */; };
		45ACC095184AB433001D9D2E /* twitter.png in Resources */ = {isa = PBXBuildFile; fileRef = 45ACC093184AB433001D9D2E /* twitter.png */; };
		45C39C2B1861EDD100C50E20 /* iTunesArtwork.png in Resources */ = {isa = PBXBuildFile; fileRef = 45C39C291861EDD100C50E20 /* iTunesArtwork.png */; };
		45C39C2C1861EDD100C50E20 /* iTunesArtwork@2x.png in Resources */ = {isa = PBXBuildFile; fileRef = 45C39C2A1861EDD100C50E20 /* iTunesArtwork@2x.png */; };
		45E20294185D631E00D96458 /* map_pin_home.png in Resources */ = {isa = PBXBuildFile; fileRef = 45E20293185D631E00D96458 /* map_pin_home.png */; };
		8A01A37F18189666005A2A70 /* Foundation.framework in Frameworks */ = {isa = PBXBuildFile; fileRef = 8A01A37E18189666005A2A70 /* Foundation.framework */; };
		8A01A38118189666005A2A70 /* CoreGraphics.framework in Frameworks */ = {isa = PBXBuildFile; fileRef = 8A01A38018189666005A2A70 /* CoreGraphics.framework */; };
		8A01A38318189666005A2A70 /* UIKit.framework in Frameworks */ = {isa = PBXBuildFile; fileRef = 8A01A38218189666005A2A70 /* UIKit.framework */; };
		8A01A38918189666005A2A70 /* InfoPlist.strings in Resources */ = {isa = PBXBuildFile; fileRef = 8A01A38718189666005A2A70 /* InfoPlist.strings */; };
		8A01A38B18189666005A2A70 /* main.m in Sources */ = {isa = PBXBuildFile; fileRef = 8A01A38A18189666005A2A70 /* main.m */; };
		8A01A38F18189666005A2A70 /* AppDelegate.m in Sources */ = {isa = PBXBuildFile; fileRef = 8A01A38E18189666005A2A70 /* AppDelegate.m */; };
		8A01A39A18189666005A2A70 /* Images.xcassets in Resources */ = {isa = PBXBuildFile; fileRef = 8A01A39918189666005A2A70 /* Images.xcassets */; };
		8A08AE4F182C1FE500F61EE8 /* CurrentLocationMapVC.m in Sources */ = {isa = PBXBuildFile; fileRef = 8A08AE4E182C1FE500F61EE8 /* CurrentLocationMapVC.m */; };
		8A0C688B1819B5D60057E670 /* CoreLocation.framework in Frameworks */ = {isa = PBXBuildFile; fileRef = 8A0C688A1819B5D60057E670 /* CoreLocation.framework */; };
		8A41EB36182780D4007B6E9E /* AddressBook.framework in Frameworks */ = {isa = PBXBuildFile; fileRef = 8A41EB35182780D4007B6E9E /* AddressBook.framework */; };
		8A41EB4C182865F6007B6E9E /* MessageUI.framework in Frameworks */ = {isa = PBXBuildFile; fileRef = 8A41EB4B182865F6007B6E9E /* MessageUI.framework */; };
		8A574CE2182DED2A009EA870 /* camera.png in Resources */ = {isa = PBXBuildFile; fileRef = 8A574CE1182DED2A009EA870 /* camera.png */; };
		8A574CE4182DED4E009EA870 /* Default.png in Resources */ = {isa = PBXBuildFile; fileRef = 8A574CE3182DED4E009EA870 /* Default.png */; };
		8A574CE7182DF449009EA870 /* Main.storyboard in Resources */ = {isa = PBXBuildFile; fileRef = 8A574CE5182DF449009EA870 /* Main.storyboard */; };
		8AFFB9E6181EC0D000BAB4FF /* CheckInViewController.m in Sources */ = {isa = PBXBuildFile; fileRef = 8AFFB9E5181EC0D000BAB4FF /* CheckInViewController.m */; };
		8AFFB9E9181EE7CA00BAB4FF /* TagPickerViewController.m in Sources */ = {isa = PBXBuildFile; fileRef = 8AFFB9E8181EE7CA00BAB4FF /* TagPickerViewController.m */; };
		8AFFB9EC181F093600BAB4FF /* HudView.m in Sources */ = {isa = PBXBuildFile; fileRef = 8AFFB9EB181F093600BAB4FF /* HudView.m */; };
		8AFFB9FC182002EC00BAB4FF /* CoreData.framework in Frameworks */ = {isa = PBXBuildFile; fileRef = 8AFFB9FB182002EC00BAB4FF /* CoreData.framework */; };
		8AFFB9FF1820031F00BAB4FF /* DataModel.xcdatamodeld in Sources */ = {isa = PBXBuildFile; fileRef = 8AFFB9FD1820031F00BAB4FF /* DataModel.xcdatamodeld */; };
		8AFFBA0E18203AF500BAB4FF /* TravelLogsViewController.m in Sources */ = {isa = PBXBuildFile; fileRef = 8AFFBA0D18203AF500BAB4FF /* TravelLogsViewController.m */; };
		8AFFBA1318207DBA00BAB4FF /* MapKit.framework in Frameworks */ = {isa = PBXBuildFile; fileRef = 8AFFBA1218207DBA00BAB4FF /* MapKit.framework */; };
		BBC063C2264D4E27B496833D /* libPods.a in Frameworks */ = {isa = PBXBuildFile; fileRef = 6D875F55ED86444FBE9EBF1B /* libPods.a */; };
/* End PBXBuildFile section */

/* Begin PBXFileReference section */
		170BEF4EAABA4A7C9984CEFD /* libPods-TravelogTests.a */ = {isa = PBXFileReference; explicitFileType = archive.ar; includeInIndex = 0; path = "libPods-TravelogTests.a"; sourceTree = BUILT_PRODUCTS_DIR; };
		454E5B6718662182006E8D05 /* SenTestingKit.framework */ = {isa = PBXFileReference; lastKnownFileType = wrapper.framework; name = SenTestingKit.framework; path = Library/Frameworks/SenTestingKit.framework; sourceTree = DEVELOPER_DIR; };
		456D8D8C182DC81C00DD5479 /* CheckInImage.png */ = {isa = PBXFileReference; lastKnownFileType = image.png; name = CheckInImage.png; path = Travelog/Images.xcassets/HudImages/CheckInImage.png; sourceTree = "<group>"; };
		456D8D8E182DC84D00DD5479 /* CheckInImage@2x.png */ = {isa = PBXFileReference; lastKnownFileType = image.png; name = "CheckInImage@2x.png"; path = "Travelog/Images.xcassets/HudImages/CheckInImage@2x.png"; sourceTree = "<group>"; };
		456D8DC2182DD28A00DD5479 /* FourSquareOauth.m */ = {isa = PBXFileReference; fileEncoding = 4; lastKnownFileType = sourcecode.c.objc; name = FourSquareOauth.m; path = Travelog/FourSquareOauth.m; sourceTree = "<group>"; };
		456D8DC3182DD28A00DD5479 /* FourSquareOauth.h */ = {isa = PBXFileReference; fileEncoding = 4; lastKnownFileType = sourcecode.c.h; name = FourSquareOauth.h; path = Travelog/FourSquareOauth.h; sourceTree = "<group>"; };
		456D8DC5182DD28A00DD5479 /* FourSquareClient.m */ = {isa = PBXFileReference; fileEncoding = 4; lastKnownFileType = sourcecode.c.objc; name = FourSquareClient.m; path = Travelog/FourSquareClient.m; sourceTree = "<group>"; };
		456D8DC6182DD28A00DD5479 /* FourSquareClient.h */ = {isa = PBXFileReference; fileEncoding = 4; lastKnownFileType = sourcecode.c.h; name = FourSquareClient.h; path = Travelog/FourSquareClient.h; sourceTree = "<group>"; };
		456D8DC9182DD2CB00DD5479 /* CoreLocationController.h */ = {isa = PBXFileReference; fileEncoding = 4; lastKnownFileType = sourcecode.c.h; name = CoreLocationController.h; path = Travelog/CoreLocationController.h; sourceTree = "<group>"; };
		456D8DCA182DD2CB00DD5479 /* CoreLocationController.m */ = {isa = PBXFileReference; fileEncoding = 4; lastKnownFileType = sourcecode.c.objc; name = CoreLocationController.m; path = Travelog/CoreLocationController.m; sourceTree = "<group>"; };
		456D8DCC182DD2E400DD5479 /* NSDictionary+CPAdditions.h */ = {isa = PBXFileReference; fileEncoding = 4; lastKnownFileType = sourcecode.c.h; name = "NSDictionary+CPAdditions.h"; path = "Travelog/NSDictionary+CPAdditions.h"; sourceTree = "<group>"; };
		456D8DCD182DD2E400DD5479 /* NSDictionary+CPAdditions.m */ = {isa = PBXFileReference; fileEncoding = 4; lastKnownFileType = sourcecode.c.objc; name = "NSDictionary+CPAdditions.m"; path = "Travelog/NSDictionary+CPAdditions.m"; sourceTree = "<group>"; };
		456D8DCF182DD2F700DD5479 /* UIImage+Resize.h */ = {isa = PBXFileReference; fileEncoding = 4; lastKnownFileType = sourcecode.c.h; name = "UIImage+Resize.h"; path = "Travelog/UIImage+Resize.h"; sourceTree = "<group>"; };
		456D8DD0182DD2F700DD5479 /* UIImage+Resize.m */ = {isa = PBXFileReference; fileEncoding = 4; lastKnownFileType = sourcecode.c.objc; name = "UIImage+Resize.m"; path = "Travelog/UIImage+Resize.m"; sourceTree = "<group>"; };
		456D8DD2182DD3A200DD5479 /* RestObject.h */ = {isa = PBXFileReference; fileEncoding = 4; lastKnownFileType = sourcecode.c.h; name = RestObject.h; path = Travelog/RestObject.h; sourceTree = "<group>"; };
		456D8DD3182DD3A200DD5479 /* RestObject.m */ = {isa = PBXFileReference; fileEncoding = 4; lastKnownFileType = sourcecode.c.objc; name = RestObject.m; path = Travelog/RestObject.m; sourceTree = "<group>"; };
		456D8DD5182DD3D900DD5479 /* User.h */ = {isa = PBXFileReference; fileEncoding = 4; lastKnownFileType = sourcecode.c.h; name = User.h; path = Travelog/User.h; sourceTree = "<group>"; };
		456D8DD6182DD3D900DD5479 /* User.m */ = {isa = PBXFileReference; fileEncoding = 4; lastKnownFileType = sourcecode.c.objc; name = User.m; path = Travelog/User.m; sourceTree = "<group>"; };
		456D8DD7182DD3D900DD5479 /* Venue.h */ = {isa = PBXFileReference; fileEncoding = 4; lastKnownFileType = sourcecode.c.h; name = Venue.h; path = Travelog/Venue.h; sourceTree = "<group>"; };
		456D8DD8182DD3D900DD5479 /* Venue.m */ = {isa = PBXFileReference; fileEncoding = 4; lastKnownFileType = sourcecode.c.objc; name = Venue.m; path = Travelog/Venue.m; sourceTree = "<group>"; };
		456D8DDB182DD3F600DD5479 /* Travelog.h */ = {isa = PBXFileReference; fileEncoding = 4; lastKnownFileType = sourcecode.c.h; name = Travelog.h; path = Travelog/Travelog.h; sourceTree = "<group>"; };
		456D8DDC182DD3F600DD5479 /* Travelog.m */ = {isa = PBXFileReference; fileEncoding = 4; lastKnownFileType = sourcecode.c.objc; name = Travelog.m; path = Travelog/Travelog.m; sourceTree = "<group>"; };
		456D8DE0182DD43500DD5479 /* VenueCell.h */ = {isa = PBXFileReference; fileEncoding = 4; lastKnownFileType = sourcecode.c.h; name = VenueCell.h; path = Travelog/VenueCell.h; sourceTree = "<group>"; };
		456D8DE1182DD43500DD5479 /* VenueCell.m */ = {isa = PBXFileReference; fileEncoding = 4; lastKnownFileType = sourcecode.c.objc; name = VenueCell.m; path = Travelog/VenueCell.m; sourceTree = "<group>"; };
		456D8DE2182DD43500DD5479 /* VenueCell.xib */ = {isa = PBXFileReference; fileEncoding = 4; lastKnownFileType = file.xib; name = VenueCell.xib; path = Travelog/VenueCell.xib; sourceTree = "<group>"; };
		456D8DE6182DD44E00DD5479 /* TravelLogCell.h */ = {isa = PBXFileReference; fileEncoding = 4; lastKnownFileType = sourcecode.c.h; name = TravelLogCell.h; path = Travelog/TravelLogCell.h; sourceTree = "<group>"; };
		456D8DE7182DD44E00DD5479 /* TravelLogCell.m */ = {isa = PBXFileReference; fileEncoding = 4; lastKnownFileType = sourcecode.c.objc; name = TravelLogCell.m; path = Travelog/TravelLogCell.m; sourceTree = "<group>"; };
		456D8DE9182DD4D800DD5479 /* MapViewController.h */ = {isa = PBXFileReference; fileEncoding = 4; lastKnownFileType = sourcecode.c.h; path = MapViewController.h; sourceTree = "<group>"; };
		456D8DEA182DD4D800DD5479 /* MapViewController.m */ = {isa = PBXFileReference; fileEncoding = 4; lastKnownFileType = sourcecode.c.objc; path = MapViewController.m; sourceTree = "<group>"; };
		456D8DEC182DDBF400DD5479 /* events.png */ = {isa = PBXFileReference; lastKnownFileType = image.png; name = events.png; path = Travelog/images/events.png; sourceTree = "<group>"; };
		456D8DED182DDBF400DD5479 /* food.png */ = {isa = PBXFileReference; lastKnownFileType = image.png; name = food.png; path = Travelog/images/food.png; sourceTree = "<group>"; };
		456D8DEE182DDBF400DD5479 /* fun.png */ = {isa = PBXFileReference; lastKnownFileType = image.png; name = fun.png; path = Travelog/images/fun.png; sourceTree = "<group>"; };
		456D8DEF182DDBF400DD5479 /* house.png */ = {isa = PBXFileReference; lastKnownFileType = image.png; name = house.png; path = Travelog/images/house.png; sourceTree = "<group>"; };
		456D8DF0182DDBF400DD5479 /* map-pin.png */ = {isa = PBXFileReference; lastKnownFileType = image.png; name = "map-pin.png"; path = "Travelog/images/map-pin.png"; sourceTree = "<group>"; };
		456D8DF1182DDBF400DD5479 /* message.png */ = {isa = PBXFileReference; lastKnownFileType = image.png; name = message.png; path = Travelog/images/message.png; sourceTree = "<group>"; };
		456D8DF2182DDBF400DD5479 /* nature.png */ = {isa = PBXFileReference; lastKnownFileType = image.png; name = nature.png; path = Travelog/images/nature.png; sourceTree = "<group>"; };
		456D8DF3182DDBF400DD5479 /* office.png */ = {isa = PBXFileReference; lastKnownFileType = image.png; name = office.png; path = Travelog/images/office.png; sourceTree = "<group>"; };
		456D8DF4182DDBF400DD5479 /* other.png */ = {isa = PBXFileReference; lastKnownFileType = image.png; name = other.png; path = Travelog/images/other.png; sourceTree = "<group>"; };
		456D8DF5182DDBF400DD5479 /* people.png */ = {isa = PBXFileReference; lastKnownFileType = image.png; name = people.png; path = Travelog/images/people.png; sourceTree = "<group>"; };
		456D8DF6182DDBF400DD5479 /* peopleOther.png */ = {isa = PBXFileReference; lastKnownFileType = image.png; name = peopleOther.png; path = Travelog/images/peopleOther.png; sourceTree = "<group>"; };
		456D8DF7182DDBF400DD5479 /* places.png */ = {isa = PBXFileReference; lastKnownFileType = image.png; name = places.png; path = Travelog/images/places.png; sourceTree = "<group>"; };
		456D8DF8182DDBF400DD5479 /* restaurant.png */ = {isa = PBXFileReference; lastKnownFileType = image.png; name = restaurant.png; path = Travelog/images/restaurant.png; sourceTree = "<group>"; };
		456D8DF9182DDBF400DD5479 /* shopping.png */ = {isa = PBXFileReference; lastKnownFileType = image.png; name = shopping.png; path = Travelog/images/shopping.png; sourceTree = "<group>"; };
		456D8E08182DDC2200DD5479 /* transportation.png */ = {isa = PBXFileReference; lastKnownFileType = image.png; name = transportation.png; path = Travelog/images/transportation.png; sourceTree = "<group>"; };
		456D8E09182DDC2200DD5479 /* travel.png */ = {isa = PBXFileReference; lastKnownFileType = image.png; name = travel.png; path = Travelog/images/travel.png; sourceTree = "<group>"; };
		456D8E0C182DDC4B00DD5479 /* map-pin.png */ = {isa = PBXFileReference; lastKnownFileType = image.png; name = "map-pin.png"; path = "Travelog/images/map-pin.png"; sourceTree = "<group>"; };
		456D8E0D182DDC4B00DD5479 /* message.png */ = {isa = PBXFileReference; lastKnownFileType = image.png; name = message.png; path = Travelog/images/message.png; sourceTree = "<group>"; };
		456D8E10182DDCA700DD5479 /* email.png */ = {isa = PBXFileReference; lastKnownFileType = image.png; name = email.png; path = Travelog/images/email.png; sourceTree = "<group>"; };
		456D8E12182DDCC600DD5479 /* tag.png */ = {isa = PBXFileReference; lastKnownFileType = image.png; name = tag.png; path = Travelog/images/tag.png; sourceTree = "<group>"; };
		456D8E14182DDCD600DD5479 /* camera-select.png */ = {isa = PBXFileReference; lastKnownFileType = image.png; name = "camera-select.png"; path = "Travelog/images/camera-select.png"; sourceTree = "<group>"; };
		45713AD91831BC4B00A8A885 /* SystemConfiguration.framework */ = {isa = PBXFileReference; lastKnownFileType = wrapper.framework; name = SystemConfiguration.framework; path = System/Library/Frameworks/SystemConfiguration.framework; sourceTree = SDKROOT; };
		45713ADB1831BC5800A8A885 /* MobileCoreServices.framework */ = {isa = PBXFileReference; lastKnownFileType = wrapper.framework; name = MobileCoreServices.framework; path = System/Library/Frameworks/MobileCoreServices.framework; sourceTree = SDKROOT; };
		45ACC08F184AB3F2001D9D2E /* CLPlacemark+AddressDisplay.h */ = {isa = PBXFileReference; fileEncoding = 4; lastKnownFileType = sourcecode.c.h; name = "CLPlacemark+AddressDisplay.h"; path = "Travelog/CLPlacemark+AddressDisplay.h"; sourceTree = "<group>"; };
		45ACC090184AB3F2001D9D2E /* CLPlacemark+AddressDisplay.m */ = {isa = PBXFileReference; fileEncoding = 4; lastKnownFileType = sourcecode.c.objc; name = "CLPlacemark+AddressDisplay.m"; path = "Travelog/CLPlacemark+AddressDisplay.m"; sourceTree = "<group>"; };
		45ACC092184AB433001D9D2E /* facebook.png */ = {isa = PBXFileReference; lastKnownFileType = image.png; name = facebook.png; path = Travelog/images/facebook.png; sourceTree = "<group>"; };
		45ACC093184AB433001D9D2E /* twitter.png */ = {isa = PBXFileReference; lastKnownFileType = image.png; name = twitter.png; path = Travelog/images/twitter.png; sourceTree = "<group>"; };
		45C39C291861EDD100C50E20 /* iTunesArtwork.png */ = {isa = PBXFileReference; lastKnownFileType = image.png; path = iTunesArtwork.png; sourceTree = "<group>"; };
		45C39C2A1861EDD100C50E20 /* iTunesArtwork@2x.png */ = {isa = PBXFileReference; lastKnownFileType = image.png; path = "iTunesArtwork@2x.png"; sourceTree = "<group>"; };
		45E20293185D631E00D96458 /* map_pin_home.png */ = {isa = PBXFileReference; lastKnownFileType = image.png; name = map_pin_home.png; path = Travelog/images/map_pin_home.png; sourceTree = "<group>"; };
		5B5FBC71278D43379C513391 /* libPods-AcceptanceTests.a */ = {isa = PBXFileReference; explicitFileType = archive.ar; includeInIndex = 0; path = "libPods-AcceptanceTests.a"; sourceTree = BUILT_PRODUCTS_DIR; };
		6D875F55ED86444FBE9EBF1B /* libPods.a */ = {isa = PBXFileReference; explicitFileType = archive.ar; includeInIndex = 0; path = libPods.a; sourceTree = BUILT_PRODUCTS_DIR; };
		759EECECBE1C4F748E0E6315 /* Pods.xcconfig */ = {isa = PBXFileReference; includeInIndex = 1; lastKnownFileType = text.xcconfig; name = Pods.xcconfig; path = Pods/Pods.xcconfig; sourceTree = "<group>"; };
		8A01A37B18189666005A2A70 /* TravelPop.app */ = {isa = PBXFileReference; explicitFileType = wrapper.application; includeInIndex = 0; path = TravelPop.app; sourceTree = BUILT_PRODUCTS_DIR; };
		8A01A37E18189666005A2A70 /* Foundation.framework */ = {isa = PBXFileReference; lastKnownFileType = wrapper.framework; name = Foundation.framework; path = System/Library/Frameworks/Foundation.framework; sourceTree = SDKROOT; };
		8A01A38018189666005A2A70 /* CoreGraphics.framework */ = {isa = PBXFileReference; lastKnownFileType = wrapper.framework; name = CoreGraphics.framework; path = System/Library/Frameworks/CoreGraphics.framework; sourceTree = SDKROOT; };
		8A01A38218189666005A2A70 /* UIKit.framework */ = {isa = PBXFileReference; lastKnownFileType = wrapper.framework; name = UIKit.framework; path = System/Library/Frameworks/UIKit.framework; sourceTree = SDKROOT; };
		8A01A38618189666005A2A70 /* Travelog-Info.plist */ = {isa = PBXFileReference; lastKnownFileType = text.plist.xml; path = "Travelog-Info.plist"; sourceTree = "<group>"; };
		8A01A38818189666005A2A70 /* en */ = {isa = PBXFileReference; lastKnownFileType = text.plist.strings; name = en; path = en.lproj/InfoPlist.strings; sourceTree = "<group>"; };
		8A01A38A18189666005A2A70 /* main.m */ = {isa = PBXFileReference; lastKnownFileType = sourcecode.c.objc; path = main.m; sourceTree = "<group>"; };
		8A01A38C18189666005A2A70 /* Travelog-Prefix.pch */ = {isa = PBXFileReference; lastKnownFileType = sourcecode.c.h; path = "Travelog-Prefix.pch"; sourceTree = "<group>"; };
		8A01A38D18189666005A2A70 /* AppDelegate.h */ = {isa = PBXFileReference; lastKnownFileType = sourcecode.c.h; path = AppDelegate.h; sourceTree = "<group>"; };
		8A01A38E18189666005A2A70 /* AppDelegate.m */ = {isa = PBXFileReference; lastKnownFileType = sourcecode.c.objc; path = AppDelegate.m; sourceTree = "<group>"; };
		8A01A39918189666005A2A70 /* Images.xcassets */ = {isa = PBXFileReference; lastKnownFileType = folder.assetcatalog; path = Images.xcassets; sourceTree = "<group>"; };
		8A01A3A018189666005A2A70 /* XCTest.framework */ = {isa = PBXFileReference; lastKnownFileType = wrapper.framework; name = XCTest.framework; path = Library/Frameworks/XCTest.framework; sourceTree = DEVELOPER_DIR; };
		8A08AE41182C1E2600F61EE8 /* FourSquareCommon.h */ = {isa = PBXFileReference; lastKnownFileType = sourcecode.c.h; path = FourSquareCommon.h; sourceTree = "<group>"; };
		8A08AE4D182C1FE500F61EE8 /* CurrentLocationMapVC.h */ = {isa = PBXFileReference; fileEncoding = 4; lastKnownFileType = sourcecode.c.h; path = CurrentLocationMapVC.h; sourceTree = "<group>"; };
		8A08AE4E182C1FE500F61EE8 /* CurrentLocationMapVC.m */ = {isa = PBXFileReference; fileEncoding = 4; lastKnownFileType = sourcecode.c.objc; path = CurrentLocationMapVC.m; sourceTree = "<group>"; };
		8A0C688A1819B5D60057E670 /* CoreLocation.framework */ = {isa = PBXFileReference; lastKnownFileType = wrapper.framework; name = CoreLocation.framework; path = System/Library/Frameworks/CoreLocation.framework; sourceTree = SDKROOT; };
		8A41EB35182780D4007B6E9E /* AddressBook.framework */ = {isa = PBXFileReference; lastKnownFileType = wrapper.framework; name = AddressBook.framework; path = System/Library/Frameworks/AddressBook.framework; sourceTree = SDKROOT; };
		8A41EB4B182865F6007B6E9E /* MessageUI.framework */ = {isa = PBXFileReference; lastKnownFileType = wrapper.framework; name = MessageUI.framework; path = System/Library/Frameworks/MessageUI.framework; sourceTree = SDKROOT; };
		8A574CE1182DED2A009EA870 /* camera.png */ = {isa = PBXFileReference; lastKnownFileType = image.png; name = camera.png; path = Travelog/images/camera.png; sourceTree = "<group>"; };
		8A574CE3182DED4E009EA870 /* Default.png */ = {isa = PBXFileReference; lastKnownFileType = image.png; name = Default.png; path = Travelog/images/Default.png; sourceTree = "<group>"; };
		8A574CE6182DF449009EA870 /* Base */ = {isa = PBXFileReference; lastKnownFileType = file.storyboard; name = Base; path = Travelog/Base.lproj/Main.storyboard; sourceTree = "<group>"; };
		8AFFB9E4181EC0D000BAB4FF /* CheckInViewController.h */ = {isa = PBXFileReference; fileEncoding = 4; lastKnownFileType = sourcecode.c.h; path = CheckInViewController.h; sourceTree = "<group>"; };
		8AFFB9E5181EC0D000BAB4FF /* CheckInViewController.m */ = {isa = PBXFileReference; fileEncoding = 4; lastKnownFileType = sourcecode.c.objc; path = CheckInViewController.m; sourceTree = "<group>"; };
		8AFFB9E7181EE7CA00BAB4FF /* TagPickerViewController.h */ = {isa = PBXFileReference; fileEncoding = 4; lastKnownFileType = sourcecode.c.h; path = TagPickerViewController.h; sourceTree = "<group>"; };
		8AFFB9E8181EE7CA00BAB4FF /* TagPickerViewController.m */ = {isa = PBXFileReference; fileEncoding = 4; lastKnownFileType = sourcecode.c.objc; path = TagPickerViewController.m; sourceTree = "<group>"; };
		8AFFB9EA181F093600BAB4FF /* HudView.h */ = {isa = PBXFileReference; fileEncoding = 4; lastKnownFileType = sourcecode.c.h; name = HudView.h; path = Travelog/HudView.h; sourceTree = "<group>"; };
		8AFFB9EB181F093600BAB4FF /* HudView.m */ = {isa = PBXFileReference; fileEncoding = 4; lastKnownFileType = sourcecode.c.objc; name = HudView.m; path = Travelog/HudView.m; sourceTree = "<group>"; };
		8AFFB9FB182002EC00BAB4FF /* CoreData.framework */ = {isa = PBXFileReference; lastKnownFileType = wrapper.framework; name = CoreData.framework; path = System/Library/Frameworks/CoreData.framework; sourceTree = SDKROOT; };
		8AFFB9FE1820031F00BAB4FF /* DataModel.xcdatamodel */ = {isa = PBXFileReference; lastKnownFileType = wrapper.xcdatamodel; path = DataModel.xcdatamodel; sourceTree = "<group>"; };
		8AFFBA0C18203AF500BAB4FF /* TravelLogsViewController.h */ = {isa = PBXFileReference; fileEncoding = 4; lastKnownFileType = sourcecode.c.h; path = TravelLogsViewController.h; sourceTree = "<group>"; };
		8AFFBA0D18203AF500BAB4FF /* TravelLogsViewController.m */ = {isa = PBXFileReference; fileEncoding = 4; lastKnownFileType = sourcecode.c.objc; path = TravelLogsViewController.m; sourceTree = "<group>"; };
		8AFFBA1218207DBA00BAB4FF /* MapKit.framework */ = {isa = PBXFileReference; lastKnownFileType = wrapper.framework; name = MapKit.framework; path = System/Library/Frameworks/MapKit.framework; sourceTree = SDKROOT; };
/* End PBXFileReference section */

/* Begin PBXFrameworksBuildPhase section */
		8A01A37818189666005A2A70 /* Frameworks */ = {
			isa = PBXFrameworksBuildPhase;
			buildActionMask = 2147483647;
			files = (
				45713ADC1831BC5800A8A885 /* MobileCoreServices.framework in Frameworks */,
				45713ADA1831BC4B00A8A885 /* SystemConfiguration.framework in Frameworks */,
				8A41EB4C182865F6007B6E9E /* MessageUI.framework in Frameworks */,
				8A41EB36182780D4007B6E9E /* AddressBook.framework in Frameworks */,
				8AFFBA1318207DBA00BAB4FF /* MapKit.framework in Frameworks */,
				8AFFB9FC182002EC00BAB4FF /* CoreData.framework in Frameworks */,
				8A0C688B1819B5D60057E670 /* CoreLocation.framework in Frameworks */,
				8A01A38118189666005A2A70 /* CoreGraphics.framework in Frameworks */,
				8A01A38318189666005A2A70 /* UIKit.framework in Frameworks */,
				8A01A37F18189666005A2A70 /* Foundation.framework in Frameworks */,
				BBC063C2264D4E27B496833D /* libPods.a in Frameworks */,
			);
			runOnlyForDeploymentPostprocessing = 0;
		};
/* End PBXFrameworksBuildPhase section */

/* Begin PBXGroup section */
		8A01A37218189666005A2A70 = {
			isa = PBXGroup;
			children = (
				8A08AE3A182C1B9C00F61EE8 /* API */,
				8AFFBA2D182318CE00BAB4FF /* Utils */,
				8A08AE30182C195E00F61EE8 /* Model */,
				8AFFBA2B1823188000BAB4FF /* Cells */,
				8AFFBA2A1823186400BAB4FF /* StoryBoard */,
				8AFFBA23182313A300BAB4FF /* Resources */,
				8AFFB9F2181F141D00BAB4FF /* HudImages */,
				8A01A38418189666005A2A70 /* Travelog */,
				8A01A37D18189666005A2A70 /* Frameworks */,
				8A01A37C18189666005A2A70 /* Products */,
				759EECECBE1C4F748E0E6315 /* Pods.xcconfig */,
			);
			sourceTree = "<group>";
		};
		8A01A37C18189666005A2A70 /* Products */ = {
			isa = PBXGroup;
			children = (
				8A01A37B18189666005A2A70 /* TravelPop.app */,
			);
			name = Products;
			sourceTree = "<group>";
		};
		8A01A37D18189666005A2A70 /* Frameworks */ = {
			isa = PBXGroup;
			children = (
				45713ADB1831BC5800A8A885 /* MobileCoreServices.framework */,
				45713AD91831BC4B00A8A885 /* SystemConfiguration.framework */,
				8A41EB4B182865F6007B6E9E /* MessageUI.framework */,
				8A41EB35182780D4007B6E9E /* AddressBook.framework */,
				8AFFBA1218207DBA00BAB4FF /* MapKit.framework */,
				8AFFB9FB182002EC00BAB4FF /* CoreData.framework */,
				8A0C688A1819B5D60057E670 /* CoreLocation.framework */,
				8A01A37E18189666005A2A70 /* Foundation.framework */,
				8A01A38018189666005A2A70 /* CoreGraphics.framework */,
				8A01A38218189666005A2A70 /* UIKit.framework */,
				8A01A3A018189666005A2A70 /* XCTest.framework */,
				6D875F55ED86444FBE9EBF1B /* libPods.a */,
				170BEF4EAABA4A7C9984CEFD /* libPods-TravelogTests.a */,
				454E5B6718662182006E8D05 /* SenTestingKit.framework */,
				5B5FBC71278D43379C513391 /* libPods-AcceptanceTests.a */,
			);
			name = Frameworks;
			sourceTree = "<group>";
		};
		8A01A38418189666005A2A70 /* Travelog */ = {
			isa = PBXGroup;
			children = (
				8A08AE4D182C1FE500F61EE8 /* CurrentLocationMapVC.h */,
				8A08AE4E182C1FE500F61EE8 /* CurrentLocationMapVC.m */,
				8A01A38D18189666005A2A70 /* AppDelegate.h */,
				8A01A38E18189666005A2A70 /* AppDelegate.m */,
				8AFFB9E4181EC0D000BAB4FF /* CheckInViewController.h */,
				8AFFB9E5181EC0D000BAB4FF /* CheckInViewController.m */,
				8AFFB9E7181EE7CA00BAB4FF /* TagPickerViewController.h */,
				8AFFB9E8181EE7CA00BAB4FF /* TagPickerViewController.m */,
				8AFFBA0C18203AF500BAB4FF /* TravelLogsViewController.h */,
				8AFFBA0D18203AF500BAB4FF /* TravelLogsViewController.m */,
				456D8DE9182DD4D800DD5479 /* MapViewController.h */,
				456D8DEA182DD4D800DD5479 /* MapViewController.m */,
				8A01A39918189666005A2A70 /* Images.xcassets */,
				8A01A38518189666005A2A70 /* Supporting Files */,
			);
			path = Travelog;
			sourceTree = "<group>";
		};
		8A01A38518189666005A2A70 /* Supporting Files */ = {
			isa = PBXGroup;
			children = (
				8A08AE41182C1E2600F61EE8 /* FourSquareCommon.h */,
				8A01A38618189666005A2A70 /* Travelog-Info.plist */,
				8A01A38718189666005A2A70 /* InfoPlist.strings */,
				8A01A38A18189666005A2A70 /* main.m */,
				8A01A38C18189666005A2A70 /* Travelog-Prefix.pch */,
			);
			name = "Supporting Files";
			sourceTree = "<group>";
		};
		8A08AE30182C195E00F61EE8 /* Model */ = {
			isa = PBXGroup;
			children = (
				456D8DD2182DD3A200DD5479 /* RestObject.h */,
				456D8DD3182DD3A200DD5479 /* RestObject.m */,
				456D8DD5182DD3D900DD5479 /* User.h */,
				456D8DD6182DD3D900DD5479 /* User.m */,
				456D8DD7182DD3D900DD5479 /* Venue.h */,
				456D8DD8182DD3D900DD5479 /* Venue.m */,
				8AFFBA2C182318A600BAB4FF /* CoreData */,
			);
			name = Model;
			sourceTree = "<group>";
		};
		8A08AE3A182C1B9C00F61EE8 /* API */ = {
			isa = PBXGroup;
			children = (
				456D8DC2182DD28A00DD5479 /* FourSquareOauth.m */,
				456D8DC3182DD28A00DD5479 /* FourSquareOauth.h */,
				456D8DC5182DD28A00DD5479 /* FourSquareClient.m */,
				456D8DC6182DD28A00DD5479 /* FourSquareClient.h */,
			);
			name = API;
			sourceTree = "<group>";
		};
		8A6EF24B182AC46D00625B6B /* mapIcon */ = {
			isa = PBXGroup;
			children = (
				456D8DEC182DDBF400DD5479 /* events.png */,
				456D8DEF182DDBF400DD5479 /* house.png */,
				456D8DF0182DDBF400DD5479 /* map-pin.png */,
				456D8DF1182DDBF400DD5479 /* message.png */,
				456D8DF2182DDBF400DD5479 /* nature.png */,
				456D8DF3182DDBF400DD5479 /* office.png */,
				456D8DF4182DDBF400DD5479 /* other.png */,
				456D8DF5182DDBF400DD5479 /* people.png */,
				456D8DF8182DDBF400DD5479 /* restaurant.png */,
				456D8DF9182DDBF400DD5479 /* shopping.png */,
				456D8E08182DDC2200DD5479 /* transportation.png */,
				456D8E09182DDC2200DD5479 /* travel.png */,
			);
			name = mapIcon;
			sourceTree = "<group>";
		};
		8A6EF24C182AC50E00625B6B /* startupAppIcon */ = {
			isa = PBXGroup;
			children = (
				8A574CE3182DED4E009EA870 /* Default.png */,
			);
			name = startupAppIcon;
			sourceTree = "<group>";
		};
		8A6EF24D182AC54600625B6B /* UISegmentIcon */ = {
			isa = PBXGroup;
			children = (
				456D8DED182DDBF400DD5479 /* food.png */,
				456D8DEE182DDBF400DD5479 /* fun.png */,
				456D8DF6182DDBF400DD5479 /* peopleOther.png */,
				456D8DF7182DDBF400DD5479 /* places.png */,
			);
			name = UISegmentIcon;
			sourceTree = "<group>";
		};
		8AFFB9F2181F141D00BAB4FF /* HudImages */ = {
			isa = PBXGroup;
			children = (
				456D8D8E182DC84D00DD5479 /* CheckInImage@2x.png */,
				456D8D8C182DC81C00DD5479 /* CheckInImage.png */,
			);
			name = HudImages;
			sourceTree = "<group>";
		};
		8AFFBA23182313A300BAB4FF /* Resources */ = {
			isa = PBXGroup;
			children = (
				45C39C291861EDD100C50E20 /* iTunesArtwork.png */,
				45C39C2A1861EDD100C50E20 /* iTunesArtwork@2x.png */,
				45E20293185D631E00D96458 /* map_pin_home.png */,
				45ACC092184AB433001D9D2E /* facebook.png */,
				45ACC093184AB433001D9D2E /* twitter.png */,
				8A574CE1182DED2A009EA870 /* camera.png */,
				8A6EF24D182AC54600625B6B /* UISegmentIcon */,
				8A6EF24C182AC50E00625B6B /* startupAppIcon */,
				8A6EF24B182AC46D00625B6B /* mapIcon */,
				456D8E0C182DDC4B00DD5479 /* map-pin.png */,
				456D8E0D182DDC4B00DD5479 /* message.png */,
				456D8E10182DDCA700DD5479 /* email.png */,
				456D8E12182DDCC600DD5479 /* tag.png */,
				456D8E14182DDCD600DD5479 /* camera-select.png */,
			);
			name = Resources;
			sourceTree = "<group>";
		};
		8AFFBA2A1823186400BAB4FF /* StoryBoard */ = {
			isa = PBXGroup;
			children = (
				8A574CE5182DF449009EA870 /* Main.storyboard */,
			);
			name = StoryBoard;
			sourceTree = "<group>";
		};
		8AFFBA2B1823188000BAB4FF /* Cells */ = {
			isa = PBXGroup;
			children = (
				456D8DE0182DD43500DD5479 /* VenueCell.h */,
				456D8DE1182DD43500DD5479 /* VenueCell.m */,
				456D8DE2182DD43500DD5479 /* VenueCell.xib */,
				456D8DE6182DD44E00DD5479 /* TravelLogCell.h */,
				456D8DE7182DD44E00DD5479 /* TravelLogCell.m */,
			);
			name = Cells;
			sourceTree = "<group>";
		};
		8AFFBA2C182318A600BAB4FF /* CoreData */ = {
			isa = PBXGroup;
			children = (
				456D8DDB182DD3F600DD5479 /* Travelog.h */,
				456D8DDC182DD3F600DD5479 /* Travelog.m */,
				8AFFB9FD1820031F00BAB4FF /* DataModel.xcdatamodeld */,
			);
			name = CoreData;
			sourceTree = "<group>";
		};
		8AFFBA2D182318CE00BAB4FF /* Utils */ = {
			isa = PBXGroup;
			children = (
				45ACC08F184AB3F2001D9D2E /* CLPlacemark+AddressDisplay.h */,
				45ACC090184AB3F2001D9D2E /* CLPlacemark+AddressDisplay.m */,
				456D8DC9182DD2CB00DD5479 /* CoreLocationController.h */,
				456D8DCA182DD2CB00DD5479 /* CoreLocationController.m */,
				456D8DCC182DD2E400DD5479 /* NSDictionary+CPAdditions.h */,
				456D8DCD182DD2E400DD5479 /* NSDictionary+CPAdditions.m */,
				8AFFB9EA181F093600BAB4FF /* HudView.h */,
				8AFFB9EB181F093600BAB4FF /* HudView.m */,
				456D8DCF182DD2F700DD5479 /* UIImage+Resize.h */,
				456D8DD0182DD2F700DD5479 /* UIImage+Resize.m */,
			);
			name = Utils;
			sourceTree = "<group>";
		};
/* End PBXGroup section */

/* Begin PBXNativeTarget section */
		8A01A37A18189666005A2A70 /* Travelog */ = {
			isa = PBXNativeTarget;
			buildConfigurationList = 8A01A3B018189666005A2A70 /* Build configuration list for PBXNativeTarget "Travelog" */;
			buildPhases = (
				A617DD1C59A6422B9304AE46 /* Check Pods Manifest.lock */,
				8A01A37718189666005A2A70 /* Sources */,
				8A01A37818189666005A2A70 /* Frameworks */,
				8A01A37918189666005A2A70 /* Resources */,
				8F68AE9B42F54D38A9E71018 /* Copy Pods Resources */,
			);
			buildRules = (
			);
			dependencies = (
			);
			name = Travelog;
			productName = Travelog;
			productReference = 8A01A37B18189666005A2A70 /* TravelPop.app */;
			productType = "com.apple.product-type.application";
		};
/* End PBXNativeTarget section */

/* Begin PBXProject section */
		8A01A37318189666005A2A70 /* Project object */ = {
			isa = PBXProject;
			attributes = {
				LastUpgradeCheck = 0500;
				ORGANIZATIONNAME = "Edo williams";
			};
			buildConfigurationList = 8A01A37618189666005A2A70 /* Build configuration list for PBXProject "Travelog" */;
			compatibilityVersion = "Xcode 3.2";
			developmentRegion = English;
			hasScannedForEncodings = 0;
			knownRegions = (
				en,
				Base,
			);
			mainGroup = 8A01A37218189666005A2A70;
			productRefGroup = 8A01A37C18189666005A2A70 /* Products */;
			projectDirPath = "";
			projectRoot = "";
			targets = (
				8A01A37A18189666005A2A70 /* Travelog */,
			);
		};
/* End PBXProject section */

/* Begin PBXResourcesBuildPhase section */
		8A01A37918189666005A2A70 /* Resources */ = {
			isa = PBXResourcesBuildPhase;
			buildActionMask = 2147483647;
			files = (
				456D8DFD182DDBF400DD5479 /* house.png in Resources */,
				45C39C2B1861EDD100C50E20 /* iTunesArtwork.png in Resources */,
				45ACC094184AB433001D9D2E /* facebook.png in Resources */,
				456D8E03182DDBF400DD5479 /* people.png in Resources */,
				456D8E07182DDBF400DD5479 /* shopping.png in Resources */,
				456D8E02182DDBF400DD5479 /* other.png in Resources */,
				456D8E04182DDBF400DD5479 /* peopleOther.png in Resources */,
				456D8E06182DDBF400DD5479 /* restaurant.png in Resources */,
				8A574CE2182DED2A009EA870 /* camera.png in Resources */,
				8A574CE7182DF449009EA870 /* Main.storyboard in Resources */,
				456D8DFA182DDBF400DD5479 /* events.png in Resources */,
				456D8DFB182DDBF400DD5479 /* food.png in Resources */,
				456D8E11182DDCA700DD5479 /* email.png in Resources */,
				8A574CE4182DED4E009EA870 /* Default.png in Resources */,
				456D8DFC182DDBF400DD5479 /* fun.png in Resources */,
				45E20294185D631E00D96458 /* map_pin_home.png in Resources */,
				456D8DFE182DDBF400DD5479 /* map-pin.png in Resources */,
				45ACC095184AB433001D9D2E /* twitter.png in Resources */,
				456D8E0B182DDC2200DD5479 /* travel.png in Resources */,
				45C39C2C1861EDD100C50E20 /* iTunesArtwork@2x.png in Resources */,
				456D8E05182DDBF400DD5479 /* places.png in Resources */,
				8A01A39A18189666005A2A70 /* Images.xcassets in Resources */,
				456D8E0A182DDC2200DD5479 /* transportation.png in Resources */,
				456D8DE5182DD43500DD5479 /* VenueCell.xib in Resources */,
				456D8D8D182DC81C00DD5479 /* CheckInImage.png in Resources */,
				8A01A38918189666005A2A70 /* InfoPlist.strings in Resources */,
				456D8E00182DDBF400DD5479 /* nature.png in Resources */,
				456D8D8F182DC84D00DD5479 /* CheckInImage@2x.png in Resources */,
				456D8E13182DDCC600DD5479 /* tag.png in Resources */,
				456D8E15182DDCD600DD5479 /* camera-select.png in Resources */,
				456D8E01182DDBF400DD5479 /* office.png in Resources */,
				456D8DFF182DDBF400DD5479 /* message.png in Resources */,
			);
			runOnlyForDeploymentPostprocessing = 0;
		};
/* End PBXResourcesBuildPhase section */

/* Begin PBXShellScriptBuildPhase section */
		8F68AE9B42F54D38A9E71018 /* Copy Pods Resources */ = {
			isa = PBXShellScriptBuildPhase;
			buildActionMask = 2147483647;
			files = (
			);
			inputPaths = (
			);
			name = "Copy Pods Resources";
			outputPaths = (
			);
			runOnlyForDeploymentPostprocessing = 0;
			shellPath = /bin/sh;
			shellScript = "\"${SRCROOT}/Pods/Pods-resources.sh\"\n";
			showEnvVarsInLog = 0;
		};
		A617DD1C59A6422B9304AE46 /* Check Pods Manifest.lock */ = {
			isa = PBXShellScriptBuildPhase;
			buildActionMask = 2147483647;
			files = (
			);
			inputPaths = (
			);
			name = "Check Pods Manifest.lock";
			outputPaths = (
			);
			runOnlyForDeploymentPostprocessing = 0;
			shellPath = /bin/sh;
			shellScript = "diff \"${PODS_ROOT}/../Podfile.lock\" \"${PODS_ROOT}/Manifest.lock\" > /dev/null\nif [[ $? != 0 ]] ; then\n    cat << EOM\nerror: The sandbox is not in sync with the Podfile.lock. Run 'pod install' or update your CocoaPods installation.\nEOM\n    exit 1\nfi\n";
			showEnvVarsInLog = 0;
		};
/* End PBXShellScriptBuildPhase section */

/* Begin PBXSourcesBuildPhase section */
		8A01A37718189666005A2A70 /* Sources */ = {
			isa = PBXSourcesBuildPhase;
			buildActionMask = 2147483647;
			files = (
				8AFFBA0E18203AF500BAB4FF /* TravelLogsViewController.m in Sources */,
				8AFFB9FF1820031F00BAB4FF /* DataModel.xcdatamodeld in Sources */,
				8A01A38F18189666005A2A70 /* AppDelegate.m in Sources */,
				456D8DE8182DD44E00DD5479 /* TravelLogCell.m in Sources */,
				456D8DCE182DD2E400DD5479 /* NSDictionary+CPAdditions.m in Sources */,
				456D8DC8182DD28A00DD5479 /* FourSquareClient.m in Sources */,
				456D8DD9182DD3D900DD5479 /* User.m in Sources */,
				456D8DCB182DD2CB00DD5479 /* CoreLocationController.m in Sources */,
				456D8DDD182DD3F600DD5479 /* Travelog.m in Sources */,
				8AFFB9E9181EE7CA00BAB4FF /* TagPickerViewController.m in Sources */,
				8AFFB9EC181F093600BAB4FF /* HudView.m in Sources */,
				8A08AE4F182C1FE500F61EE8 /* CurrentLocationMapVC.m in Sources */,
				8A01A38B18189666005A2A70 /* main.m in Sources */,
				456D8DC7182DD28A00DD5479 /* FourSquareOauth.m in Sources */,
				456D8DD4182DD3A200DD5479 /* RestObject.m in Sources */,
				8AFFB9E6181EC0D000BAB4FF /* CheckInViewController.m in Sources */,
				456D8DE4182DD43500DD5479 /* VenueCell.m in Sources */,
				456D8DD1182DD2F700DD5479 /* UIImage+Resize.m in Sources */,
				456D8DDA182DD3D900DD5479 /* Venue.m in Sources */,
				45ACC091184AB3F2001D9D2E /* CLPlacemark+AddressDisplay.m in Sources */,
				456D8DEB182DD4D800DD5479 /* MapViewController.m in Sources */,
			);
			runOnlyForDeploymentPostprocessing = 0;
		};
/* End PBXSourcesBuildPhase section */

/* Begin PBXVariantGroup section */
		8A01A38718189666005A2A70 /* InfoPlist.strings */ = {
			isa = PBXVariantGroup;
			children = (
				8A01A38818189666005A2A70 /* en */,
			);
			name = InfoPlist.strings;
			sourceTree = "<group>";
		};
		8A574CE5182DF449009EA870 /* Main.storyboard */ = {
			isa = PBXVariantGroup;
			children = (
				8A574CE6182DF449009EA870 /* Base */,
			);
			name = Main.storyboard;
			sourceTree = "<group>";
		};
/* End PBXVariantGroup section */

/* Begin XCBuildConfiguration section */
		8A01A3AE18189666005A2A70 /* Debug */ = {
			isa = XCBuildConfiguration;
			buildSettings = {
				ALWAYS_SEARCH_USER_PATHS = NO;
				ARCHS = "$(ARCHS_STANDARD_INCLUDING_64_BIT)";
				CLANG_CXX_LANGUAGE_STANDARD = "gnu++0x";
				CLANG_CXX_LIBRARY = "libc++";
				CLANG_ENABLE_MODULES = YES;
				CLANG_ENABLE_OBJC_ARC = YES;
				CLANG_WARN_BOOL_CONVERSION = YES;
				CLANG_WARN_CONSTANT_CONVERSION = YES;
				CLANG_WARN_DIRECT_OBJC_ISA_USAGE = YES_ERROR;
				CLANG_WARN_EMPTY_BODY = YES;
				CLANG_WARN_ENUM_CONVERSION = YES;
				CLANG_WARN_INT_CONVERSION = YES;
				CLANG_WARN_OBJC_ROOT_CLASS = YES_ERROR;
				CLANG_WARN__DUPLICATE_METHOD_MATCH = YES;
				"CODE_SIGN_IDENTITY[sdk=iphoneos*]" = "iPhone Developer";
				COPY_PHASE_STRIP = NO;
				GCC_C_LANGUAGE_STANDARD = gnu99;
				GCC_DYNAMIC_NO_PIC = NO;
				GCC_OPTIMIZATION_LEVEL = 0;
				GCC_PREPROCESSOR_DEFINITIONS = (
					"DEBUG=1",
					"$(inherited)",
				);
				GCC_SYMBOLS_PRIVATE_EXTERN = NO;
				GCC_WARN_64_TO_32_BIT_CONVERSION = YES;
				GCC_WARN_ABOUT_RETURN_TYPE = YES_ERROR;
				GCC_WARN_UNDECLARED_SELECTOR = YES;
				GCC_WARN_UNINITIALIZED_AUTOS = YES;
				GCC_WARN_UNUSED_FUNCTION = YES;
				GCC_WARN_UNUSED_VARIABLE = YES;
				IPHONEOS_DEPLOYMENT_TARGET = 7.0;
				ONLY_ACTIVE_ARCH = YES;
				SDKROOT = iphoneos;
			};
			name = Debug;
		};
		8A01A3AF18189666005A2A70 /* Release */ = {
			isa = XCBuildConfiguration;
			buildSettings = {
				ALWAYS_SEARCH_USER_PATHS = NO;
				ARCHS = "$(ARCHS_STANDARD_INCLUDING_64_BIT)";
				CLANG_CXX_LANGUAGE_STANDARD = "gnu++0x";
				CLANG_CXX_LIBRARY = "libc++";
				CLANG_ENABLE_MODULES = YES;
				CLANG_ENABLE_OBJC_ARC = YES;
				CLANG_WARN_BOOL_CONVERSION = YES;
				CLANG_WARN_CONSTANT_CONVERSION = YES;
				CLANG_WARN_DIRECT_OBJC_ISA_USAGE = YES_ERROR;
				CLANG_WARN_EMPTY_BODY = YES;
				CLANG_WARN_ENUM_CONVERSION = YES;
				CLANG_WARN_INT_CONVERSION = YES;
				CLANG_WARN_OBJC_ROOT_CLASS = YES_ERROR;
				CLANG_WARN__DUPLICATE_METHOD_MATCH = YES;
				"CODE_SIGN_IDENTITY[sdk=iphoneos*]" = "iPhone Developer";
				COPY_PHASE_STRIP = YES;
				ENABLE_NS_ASSERTIONS = NO;
				GCC_C_LANGUAGE_STANDARD = gnu99;
				GCC_WARN_64_TO_32_BIT_CONVERSION = YES;
				GCC_WARN_ABOUT_RETURN_TYPE = YES_ERROR;
				GCC_WARN_UNDECLARED_SELECTOR = YES;
				GCC_WARN_UNINITIALIZED_AUTOS = YES;
				GCC_WARN_UNUSED_FUNCTION = YES;
				GCC_WARN_UNUSED_VARIABLE = YES;
				IPHONEOS_DEPLOYMENT_TARGET = 7.0;
				SDKROOT = iphoneos;
				VALIDATE_PRODUCT = YES;
			};
			name = Release;
		};
		8A01A3B118189666005A2A70 /* Debug */ = {
			isa = XCBuildConfiguration;
			baseConfigurationReference = 759EECECBE1C4F748E0E6315 /* Pods.xcconfig */;
			buildSettings = {
				ASSETCATALOG_COMPILER_APPICON_NAME = AppIcon;
				ASSETCATALOG_COMPILER_LAUNCHIMAGE_NAME = LaunchImage;
				CODE_SIGN_IDENTITY = "iPhone Developer";
				GCC_PRECOMPILE_PREFIX_HEADER = YES;
				GCC_PREFIX_HEADER = "Travelog/Travelog-Prefix.pch";
				INFOPLIST_FILE = "Travelog/Travelog-Info.plist";
				PRODUCT_NAME = TravelPop;
				PROVISIONING_PROFILE = "294E9897-AC33-4718-8B9E-1C138F4E2EFD";
				WRAPPER_EXTENSION = app;
			};
			name = Debug;
		};
		8A01A3B218189666005A2A70 /* Release */ = {
			isa = XCBuildConfiguration;
			baseConfigurationReference = 759EECECBE1C4F748E0E6315 /* Pods.xcconfig */;
			buildSettings = {
				ASSETCATALOG_COMPILER_APPICON_NAME = AppIcon;
				ASSETCATALOG_COMPILER_LAUNCHIMAGE_NAME = LaunchImage;
				CODE_SIGN_IDENTITY = "iPhone Developer";
				GCC_PRECOMPILE_PREFIX_HEADER = YES;
				GCC_PREFIX_HEADER = "Travelog/Travelog-Prefix.pch";
				INFOPLIST_FILE = "Travelog/Travelog-Info.plist";
				PRODUCT_NAME = TravelPop;
				PROVISIONING_PROFILE = "294E9897-AC33-4718-8B9E-1C138F4E2EFD";
				WRAPPER_EXTENSION = app;
			};
			name = Release;
		};
/* End XCBuildConfiguration section */

/* Begin XCConfigurationList section */
		8A01A37618189666005A2A70 /* Build configuration list for PBXProject "Travelog" */ = {
			isa = XCConfigurationList;
			buildConfigurations = (
				8A01A3AE18189666005A2A70 /* Debug */,
				8A01A3AF18189666005A2A70 /* Release */,
			);
			defaultConfigurationIsVisible = 0;
			defaultConfigurationName = Release;
		};
		8A01A3B018189666005A2A70 /* Build configuration list for PBXNativeTarget "Travelog" */ = {
			isa = XCConfigurationList;
			buildConfigurations = (
				8A01A3B118189666005A2A70 /* Debug */,
				8A01A3B218189666005A2A70 /* Release */,
			);
			defaultConfigurationIsVisible = 0;
			defaultConfigurationName = Release;
		};
/* End XCConfigurationList section */

/* Begin XCVersionGroup section */
		8AFFB9FD1820031F00BAB4FF /* DataModel.xcdatamodeld */ = {
			isa = XCVersionGroup;
			children = (
				8AFFB9FE1820031F00BAB4FF /* DataModel.xcdatamodel */,
			);
			currentVersion = 8AFFB9FE1820031F00BAB4FF /* DataModel.xcdatamodel */;
			path = DataModel.xcdatamodeld;
			sourceTree = "<group>";
			versionGroupType = wrapper.xcdatamodel;
		};
/* End XCVersionGroup section */
	};
	rootObject = 8A01A37318189666005A2A70 /* Project object */;
}
